// !$*UTF8*$!
{
	archiveVersion = 1;
	classes = {
	};
	objectVersion = 46;
	objects = {

/* Begin PBXBuildFile section */
		96F3334B1A042EA8006124F1 /* main.m in Sources */ = {isa = PBXBuildFile; fileRef = 96F3334A1A042EA8006124F1 /* main.m */; };
		96F3334E1A042EA8006124F1 /* AppDelegate.m in Sources */ = {isa = PBXBuildFile; fileRef = 96F3334D1A042EA8006124F1 /* AppDelegate.m */; };
		96F333511A042EA8006124F1 /* ViewController.m in Sources */ = {isa = PBXBuildFile; fileRef = 96F333501A042EA8006124F1 /* ViewController.m */; };
		96F333541A042EA8006124F1 /* Main.storyboard in Resources */ = {isa = PBXBuildFile; fileRef = 96F333521A042EA8006124F1 /* Main.storyboard */; };
		96F333591A042EA8006124F1 /* LaunchScreen.xib in Resources */ = {isa = PBXBuildFile; fileRef = 96F333571A042EA8006124F1 /* LaunchScreen.xib */; };
		96F333651A042EA8006124F1 /* PROJECTNAMETests.m in Sources */ = {isa = PBXBuildFile; fileRef = 96F333641A042EA8006124F1 /* PROJECTNAMETests.m */; };
		A563B44C1BA7F2DA0020171F /* Images.xcassets in Resources */ = {isa = PBXBuildFile; fileRef = A563B44B1BA7F2DA0020171F /* Images.xcassets */; };
/* End PBXBuildFile section */

/* Begin PBXContainerItemProxy section */
		96F3335F1A042EA8006124F1 /* PBXContainerItemProxy */ = {
			isa = PBXContainerItemProxy;
			containerPortal = 96F3333D1A042EA8006124F1 /* Project object */;
			proxyType = 1;
			remoteGlobalIDString = 96F333441A042EA8006124F1;
			remoteInfo = PROJECTNAME;
		};
/* End PBXContainerItemProxy section */

/* Begin PBXFileReference section */
		96F333451A042EA8006124F1 /* PROJECTNAME.app */ = {isa = PBXFileReference; explicitFileType = wrapper.application; includeInIndex = 0; path = PROJECTNAME.app; sourceTree = BUILT_PRODUCTS_DIR; };
		96F333491A042EA8006124F1 /* Info.plist */ = {isa = PBXFileReference; lastKnownFileType = text.plist.xml; path = Info.plist; sourceTree = "<group>"; };
		96F3334A1A042EA8006124F1 /* main.m */ = {isa = PBXFileReference; lastKnownFileType = sourcecode.c.objc; path = main.m; sourceTree = "<group>"; };
		96F3334C1A042EA8006124F1 /* AppDelegate.h */ = {isa = PBXFileReference; lastKnownFileType = sourcecode.c.h; path = AppDelegate.h; sourceTree = "<group>"; };
		96F3334D1A042EA8006124F1 /* AppDelegate.m */ = {isa = PBXFileReference; lastKnownFileType = sourcecode.c.objc; path = AppDelegate.m; sourceTree = "<group>"; };
		96F3334F1A042EA8006124F1 /* ViewController.h */ = {isa = PBXFileReference; lastKnownFileType = sourcecode.c.h; path = ViewController.h; sourceTree = "<group>"; };
		96F333501A042EA8006124F1 /* ViewController.m */ = {isa = PBXFileReference; lastKnownFileType = sourcecode.c.objc; path = ViewController.m; sourceTree = "<group>"; };
		96F333531A042EA8006124F1 /* Base */ = {isa = PBXFileReference; lastKnownFileType = file.storyboard; name = Base; path = Base.lproj/Main.storyboard; sourceTree = "<group>"; };
		96F333581A042EA8006124F1 /* Base */ = {isa = PBXFileReference; lastKnownFileType = file.xib; name = Base; path = Base.lproj/LaunchScreen.xib; sourceTree = "<group>"; };
		96F3335E1A042EA8006124F1 /* PROJECTNAMETests.xctest */ = {isa = PBXFileReference; explicitFileType = wrapper.cfbundle; includeInIndex = 0; path = PROJECTNAMETests.xctest; sourceTree = BUILT_PRODUCTS_DIR; };
		96F333631A042EA8006124F1 /* Info.plist */ = {isa = PBXFileReference; lastKnownFileType = text.plist.xml; path = Info.plist; sourceTree = "<group>"; };
		96F333641A042EA8006124F1 /* PROJECTNAMETests.m */ = {isa = PBXFileReference; lastKnownFileType = sourcecode.c.objc; path = PROJECTNAMETests.m; sourceTree = "<group>"; };
		A563B44B1BA7F2DA0020171F /* Images.xcassets */ = {isa = PBXFileReference; lastKnownFileType = folder.assetcatalog; path = Images.xcassets; sourceTree = "<group>"; };
/* End PBXFileReference section */

/* Begin PBXFrameworksBuildPhase section */
		96F333421A042EA8006124F1 /* Frameworks */ = {
			isa = PBXFrameworksBuildPhase;
			buildActionMask = 2147483647;
			files = (
			);
			runOnlyForDeploymentPostprocessing = 0;
		};
		96F3335B1A042EA8006124F1 /* Frameworks */ = {
			isa = PBXFrameworksBuildPhase;
			buildActionMask = 2147483647;
			files = (
			);
			runOnlyForDeploymentPostprocessing = 0;
		};
/* End PBXFrameworksBuildPhase section */

/* Begin PBXGroup section */
		96F3333C1A042EA8006124F1 = {
			isa = PBXGroup;
			children = (
				96F333471A042EA8006124F1 /* PROJECTNAME */,
				96F333611A042EA8006124F1 /* PROJECTNAMETests */,
				96F333461A042EA8006124F1 /* Products */,
			);
			sourceTree = "<group>";
		};
		96F333461A042EA8006124F1 /* Products */ = {
			isa = PBXGroup;
			children = (
				96F333451A042EA8006124F1 /* PROJECTNAME.app */,
				96F3335E1A042EA8006124F1 /* PROJECTNAMETests.xctest */,
			);
			name = Products;
			sourceTree = "<group>";
		};
		96F333471A042EA8006124F1 /* PROJECTNAME */ = {
			isa = PBXGroup;
			children = (
				96F3334C1A042EA8006124F1 /* AppDelegate.h */,
				96F3334D1A042EA8006124F1 /* AppDelegate.m */,
				96F3334F1A042EA8006124F1 /* ViewController.h */,
				96F333501A042EA8006124F1 /* ViewController.m */,
				96F333521A042EA8006124F1 /* Main.storyboard */,
				96F333571A042EA8006124F1 /* LaunchScreen.xib */,
				A563B44B1BA7F2DA0020171F /* Images.xcassets */,
				96F333481A042EA8006124F1 /* Supporting Files */,
			);
			path = PROJECTNAME;
			sourceTree = "<group>";
		};
		96F333481A042EA8006124F1 /* Supporting Files */ = {
			isa = PBXGroup;
			children = (
				96F333491A042EA8006124F1 /* Info.plist */,
				96F3334A1A042EA8006124F1 /* main.m */,
			);
			name = "Supporting Files";
			sourceTree = "<group>";
		};
		96F333611A042EA8006124F1 /* PROJECTNAMETests */ = {
			isa = PBXGroup;
			children = (
				96F333641A042EA8006124F1 /* PROJECTNAMETests.m */,
				96F333621A042EA8006124F1 /* Supporting Files */,
			);
			path = PROJECTNAMETests;
			sourceTree = "<group>";
		};
		96F333621A042EA8006124F1 /* Supporting Files */ = {
			isa = PBXGroup;
			children = (
				96F333631A042EA8006124F1 /* Info.plist */,
			);
			name = "Supporting Files";
			sourceTree = "<group>";
		};
/* End PBXGroup section */

/* Begin PBXNativeTarget section */
		96F333441A042EA8006124F1 /* PROJECTNAME */ = {
			isa = PBXNativeTarget;
			buildConfigurationList = 96F333681A042EA8006124F1 /* Build configuration list for PBXNativeTarget "PROJECTNAME" */;
			buildPhases = (
				96F333411A042EA8006124F1 /* Sources */,
				96F333421A042EA8006124F1 /* Frameworks */,
				96F333431A042EA8006124F1 /* Resources */,
			);
			buildRules = (
			);
			dependencies = (
			);
			name = PROJECTNAME;
			productName = PROJECTNAME;
			productReference = 96F333451A042EA8006124F1 /* PROJECTNAME.app */;
			productType = "com.apple.product-type.application";
		};
		96F3335D1A042EA8006124F1 /* PROJECTNAMETests */ = {
			isa = PBXNativeTarget;
			buildConfigurationList = 96F3336B1A042EA8006124F1 /* Build configuration list for PBXNativeTarget "PROJECTNAMETests" */;
			buildPhases = (
				96F3335A1A042EA8006124F1 /* Sources */,
				96F3335B1A042EA8006124F1 /* Frameworks */,
				96F3335C1A042EA8006124F1 /* Resources */,
			);
			buildRules = (
			);
			dependencies = (
				96F333601A042EA8006124F1 /* PBXTargetDependency */,
			);
			name = PROJECTNAMETests;
			productName = PROJECTNAMETests;
			productReference = 96F3335E1A042EA8006124F1 /* PROJECTNAMETests.xctest */;
			productType = "com.apple.product-type.bundle.unit-test";
		};
/* End PBXNativeTarget section */

/* Begin PBXProject section */
		96F3333D1A042EA8006124F1 /* Project object */ = {
			isa = PBXProject;
			attributes = {
				LastUpgradeCheck = 0700;
				ORGANIZATIONNAME = "Phunware Inc.";
				TargetAttributes = {
					96F333441A042EA8006124F1 = {
						CreatedOnToolsVersion = 6.1;
					};
					96F3335D1A042EA8006124F1 = {
						CreatedOnToolsVersion = 6.1;
						TestTargetID = 96F333441A042EA8006124F1;
					};
				};
			};
			buildConfigurationList = 96F333401A042EA8006124F1 /* Build configuration list for PBXProject "PROJECTNAME" */;
			compatibilityVersion = "Xcode 3.2";
			developmentRegion = English;
			hasScannedForEncodings = 0;
			knownRegions = (
				en,
				Base,
			);
			mainGroup = 96F3333C1A042EA8006124F1;
			productRefGroup = 96F333461A042EA8006124F1 /* Products */;
			projectDirPath = "";
			projectRoot = "";
			targets = (
				96F333441A042EA8006124F1 /* PROJECTNAME */,
				96F3335D1A042EA8006124F1 /* PROJECTNAMETests */,
			);
		};
/* End PBXProject section */

/* Begin PBXResourcesBuildPhase section */
		96F333431A042EA8006124F1 /* Resources */ = {
			isa = PBXResourcesBuildPhase;
			buildActionMask = 2147483647;
			files = (
				96F333541A042EA8006124F1 /* Main.storyboard in Resources */,
				A563B44C1BA7F2DA0020171F /* Images.xcassets in Resources */,
				96F333591A042EA8006124F1 /* LaunchScreen.xib in Resources */,
			);
			runOnlyForDeploymentPostprocessing = 0;
		};
		96F3335C1A042EA8006124F1 /* Resources */ = {
			isa = PBXResourcesBuildPhase;
			buildActionMask = 2147483647;
			files = (
			);
			runOnlyForDeploymentPostprocessing = 0;
		};
/* End PBXResourcesBuildPhase section */

/* Begin PBXSourcesBuildPhase section */
		96F333411A042EA8006124F1 /* Sources */ = {
			isa = PBXSourcesBuildPhase;
			buildActionMask = 2147483647;
			files = (
				96F333511A042EA8006124F1 /* ViewController.m in Sources */,
				96F3334E1A042EA8006124F1 /* AppDelegate.m in Sources */,
				96F3334B1A042EA8006124F1 /* main.m in Sources */,
			);
			runOnlyForDeploymentPostprocessing = 0;
		};
		96F3335A1A042EA8006124F1 /* Sources */ = {
			isa = PBXSourcesBuildPhase;
			buildActionMask = 2147483647;
			files = (
				96F333651A042EA8006124F1 /* PROJECTNAMETests.m in Sources */,
			);
			runOnlyForDeploymentPostprocessing = 0;
		};
/* End PBXSourcesBuildPhase section */

/* Begin PBXTargetDependency section */
		96F333601A042EA8006124F1 /* PBXTargetDependency */ = {
			isa = PBXTargetDependency;
			target = 96F333441A042EA8006124F1 /* PROJECTNAME */;
			targetProxy = 96F3335F1A042EA8006124F1 /* PBXContainerItemProxy */;
		};
/* End PBXTargetDependency section */

/* Begin PBXVariantGroup section */
		96F333521A042EA8006124F1 /* Main.storyboard */ = {
			isa = PBXVariantGroup;
			children = (
				96F333531A042EA8006124F1 /* Base */,
			);
			name = Main.storyboard;
			sourceTree = "<group>";
		};
		96F333571A042EA8006124F1 /* LaunchScreen.xib */ = {
			isa = PBXVariantGroup;
			children = (
				96F333581A042EA8006124F1 /* Base */,
			);
			name = LaunchScreen.xib;
			sourceTree = "<group>";
		};
/* End PBXVariantGroup section */

/* Begin XCBuildConfiguration section */
		96F333661A042EA8006124F1 /* Debug */ = {
			isa = XCBuildConfiguration;
			buildSettings = {
				ALWAYS_SEARCH_USER_PATHS = NO;
				CLANG_CXX_LANGUAGE_STANDARD = "gnu++0x";
				CLANG_CXX_LIBRARY = "libc++";
				CLANG_ENABLE_MODULES = YES;
				CLANG_ENABLE_OBJC_ARC = YES;
				CLANG_WARN_BOOL_CONVERSION = YES;
				CLANG_WARN_CONSTANT_CONVERSION = YES;
				CLANG_WARN_DIRECT_OBJC_ISA_USAGE = YES_ERROR;
				CLANG_WARN_EMPTY_BODY = YES;
				CLANG_WARN_ENUM_CONVERSION = YES;
				CLANG_WARN_INT_CONVERSION = YES;
				CLANG_WARN_OBJC_ROOT_CLASS = YES_ERROR;
				CLANG_WARN_UNREACHABLE_CODE = YES;
				CLANG_WARN__DUPLICATE_METHOD_MATCH = YES;
				"CODE_SIGN_IDENTITY[sdk=iphoneos*]" = "iPhone Developer";
				CODE_SIGN_RESOURCE_RULES_PATH = "$(SDKROOT)/ResourceRules.plist";
				COPY_PHASE_STRIP = NO;
				CURRENT_PROJECT_VERSION = 0;
				ENABLE_STRICT_OBJC_MSGSEND = YES;
				ENABLE_TESTABILITY = YES;
				GCC_C_LANGUAGE_STANDARD = gnu99;
				GCC_DYNAMIC_NO_PIC = NO;
				GCC_OPTIMIZATION_LEVEL = 0;
				GCC_PREPROCESSOR_DEFINITIONS = (
					"DEBUG=1",
					"$(inherited)",
					"CONFIGURATION_$(CONFIGURATION)",
				);
				GCC_SYMBOLS_PRIVATE_EXTERN = NO;
				GCC_WARN_64_TO_32_BIT_CONVERSION = YES;
				GCC_WARN_ABOUT_RETURN_TYPE = YES_ERROR;
				GCC_WARN_UNDECLARED_SELECTOR = YES;
				GCC_WARN_UNINITIALIZED_AUTOS = YES_AGGRESSIVE;
				GCC_WARN_UNUSED_FUNCTION = YES;
				GCC_WARN_UNUSED_VARIABLE = YES;
				IPHONEOS_DEPLOYMENT_TARGET = 7.0;
				MTL_ENABLE_DEBUG_INFO = YES;
				ONLY_ACTIVE_ARCH = YES;
				SDKROOT = iphoneos;
				TARGETED_DEVICE_FAMILY = "1,2";
			};
			name = Debug;
		};
		96F333671A042EA8006124F1 /* Release */ = {
			isa = XCBuildConfiguration;
			buildSettings = {
				ALWAYS_SEARCH_USER_PATHS = NO;
				CLANG_CXX_LANGUAGE_STANDARD = "gnu++0x";
				CLANG_CXX_LIBRARY = "libc++";
				CLANG_ENABLE_MODULES = YES;
				CLANG_ENABLE_OBJC_ARC = YES;
				CLANG_WARN_BOOL_CONVERSION = YES;
				CLANG_WARN_CONSTANT_CONVERSION = YES;
				CLANG_WARN_DIRECT_OBJC_ISA_USAGE = YES_ERROR;
				CLANG_WARN_EMPTY_BODY = YES;
				CLANG_WARN_ENUM_CONVERSION = YES;
				CLANG_WARN_INT_CONVERSION = YES;
				CLANG_WARN_OBJC_ROOT_CLASS = YES_ERROR;
				CLANG_WARN_UNREACHABLE_CODE = YES;
				CLANG_WARN__DUPLICATE_METHOD_MATCH = YES;
				"CODE_SIGN_IDENTITY[sdk=iphoneos*]" = "iPhone Developer";
				CODE_SIGN_RESOURCE_RULES_PATH = "$(SDKROOT)/ResourceRules.plist";
				COPY_PHASE_STRIP = YES;
				CURRENT_PROJECT_VERSION = 0;
				ENABLE_NS_ASSERTIONS = NO;
				ENABLE_STRICT_OBJC_MSGSEND = YES;
				GCC_C_LANGUAGE_STANDARD = gnu99;
				GCC_PREPROCESSOR_DEFINITIONS = "CONFIGURATION_$(CONFIGURATION)";
				GCC_WARN_64_TO_32_BIT_CONVERSION = YES;
				GCC_WARN_ABOUT_RETURN_TYPE = YES_ERROR;
				GCC_WARN_UNDECLARED_SELECTOR = YES;
				GCC_WARN_UNINITIALIZED_AUTOS = YES_AGGRESSIVE;
				GCC_WARN_UNUSED_FUNCTION = YES;
				GCC_WARN_UNUSED_VARIABLE = YES;
				IPHONEOS_DEPLOYMENT_TARGET = 7.0;
				MTL_ENABLE_DEBUG_INFO = NO;
				SDKROOT = iphoneos;
				TARGETED_DEVICE_FAMILY = "1,2";
				VALIDATE_PRODUCT = YES;
			};
			name = Release;
		};
		96F333691A042EA8006124F1 /* Debug */ = {
			isa = XCBuildConfiguration;
			buildSettings = {
				ASSETCATALOG_COMPILER_APPICON_NAME = AppIcon;
				ASSETCATALOG_COMPILER_LAUNCHIMAGE_NAME = LaunchImage;
				INFOPLIST_FILE = PROJECTNAME/Info.plist;
				IPHONEOS_DEPLOYMENT_TARGET = 7.0;
				LD_RUNPATH_SEARCH_PATHS = "$(inherited) @executable_path/Frameworks";
				PRODUCT_BUNDLE_IDENTIFIER = "com.vivant.$(PRODUCT_NAME:rfc1034identifier)";
				PRODUCT_NAME = "$(TARGET_NAME)";
			};
			name = Debug;
		};
		96F3336A1A042EA8006124F1 /* Release */ = {
			isa = XCBuildConfiguration;
			buildSettings = {
				ASSETCATALOG_COMPILER_APPICON_NAME = AppIcon;
				ASSETCATALOG_COMPILER_LAUNCHIMAGE_NAME = LaunchImage;
				INFOPLIST_FILE = PROJECTNAME/Info.plist;
				IPHONEOS_DEPLOYMENT_TARGET = 7.0;
				LD_RUNPATH_SEARCH_PATHS = "$(inherited) @executable_path/Frameworks";
				PRODUCT_BUNDLE_IDENTIFIER = "com.vivant.$(PRODUCT_NAME:rfc1034identifier)";
				PRODUCT_NAME = "$(TARGET_NAME)";
			};
			name = Release;
		};
		96F3336C1A042EA8006124F1 /* Debug */ = {
			isa = XCBuildConfiguration;
			buildSettings = {
				BUNDLE_LOADER = "$(TEST_HOST)";
				FRAMEWORK_SEARCH_PATHS = (
					"$(SDKROOT)/Developer/Library/Frameworks",
					"$(inherited)",
				);
				GCC_PREPROCESSOR_DEFINITIONS = (
					"DEBUG=1",
					"$(inherited)",
				);
				INFOPLIST_FILE = PROJECTNAMETests/Info.plist;
				LD_RUNPATH_SEARCH_PATHS = "$(inherited) @executable_path/Frameworks @loader_path/Frameworks";
				PRODUCT_BUNDLE_IDENTIFIER = "com.vivant.$(PRODUCT_NAME:rfc1034identifier)";
				PRODUCT_NAME = "$(TARGET_NAME)";
				TEST_HOST = "$(BUILT_PRODUCTS_DIR)/PROJECTNAME.app/PROJECTNAME";
			};
			name = Debug;
		};
		96F3336D1A042EA8006124F1 /* Release */ = {
			isa = XCBuildConfiguration;
			buildSettings = {
				BUNDLE_LOADER = "$(TEST_HOST)";
				FRAMEWORK_SEARCH_PATHS = (
					"$(SDKROOT)/Developer/Library/Frameworks",
					"$(inherited)",
				);
				INFOPLIST_FILE = PROJECTNAMETests/Info.plist;
				LD_RUNPATH_SEARCH_PATHS = "$(inherited) @executable_path/Frameworks @loader_path/Frameworks";
				PRODUCT_BUNDLE_IDENTIFIER = "com.vivant.$(PRODUCT_NAME:rfc1034identifier)";
				PRODUCT_NAME = "$(TARGET_NAME)";
				TEST_HOST = "$(BUILT_PRODUCTS_DIR)/PROJECTNAME.app/PROJECTNAME";
			};
			name = Release;
		};
		96F3336E1A043223006124F1 /* AdHoc */ = {
			isa = XCBuildConfiguration;
			buildSettings = {
				ALWAYS_SEARCH_USER_PATHS = NO;
				CLANG_CXX_LANGUAGE_STANDARD = "gnu++0x";
				CLANG_CXX_LIBRARY = "libc++";
				CLANG_ENABLE_MODULES = YES;
				CLANG_ENABLE_OBJC_ARC = YES;
				CLANG_WARN_BOOL_CONVERSION = YES;
				CLANG_WARN_CONSTANT_CONVERSION = YES;
				CLANG_WARN_DIRECT_OBJC_ISA_USAGE = YES_ERROR;
				CLANG_WARN_EMPTY_BODY = YES;
				CLANG_WARN_ENUM_CONVERSION = YES;
				CLANG_WARN_INT_CONVERSION = YES;
				CLANG_WARN_OBJC_ROOT_CLASS = YES_ERROR;
				CLANG_WARN_UNREACHABLE_CODE = YES;
				CLANG_WARN__DUPLICATE_METHOD_MATCH = YES;
				"CODE_SIGN_IDENTITY[sdk=iphoneos*]" = "iPhone Distribution";
				CODE_SIGN_RESOURCE_RULES_PATH = "$(SDKROOT)/ResourceRules.plist";
				COPY_PHASE_STRIP = YES;
				CURRENT_PROJECT_VERSION = 0;
				ENABLE_NS_ASSERTIONS = NO;
				ENABLE_STRICT_OBJC_MSGSEND = YES;
				GCC_C_LANGUAGE_STANDARD = gnu99;
				GCC_PREPROCESSOR_DEFINITIONS = "CONFIGURATION_$(CONFIGURATION)";
				GCC_WARN_64_TO_32_BIT_CONVERSION = YES;
				GCC_WARN_ABOUT_RETURN_TYPE = YES_ERROR;
				GCC_WARN_UNDECLARED_SELECTOR = YES;
				GCC_WARN_UNINITIALIZED_AUTOS = YES_AGGRESSIVE;
				GCC_WARN_UNUSED_FUNCTION = YES;
				GCC_WARN_UNUSED_VARIABLE = YES;
				IPHONEOS_DEPLOYMENT_TARGET = 7.0;
				MTL_ENABLE_DEBUG_INFO = NO;
				SDKROOT = iphoneos;
				TARGETED_DEVICE_FAMILY = "1,2";
				VALIDATE_PRODUCT = YES;
			};
			name = AdHoc;
		};
		96F3336F1A043223006124F1 /* AdHoc */ = {
			isa = XCBuildConfiguration;
			buildSettings = {
				ASSETCATALOG_COMPILER_APPICON_NAME = AppIcon;
				ASSETCATALOG_COMPILER_LAUNCHIMAGE_NAME = LaunchImage;
				INFOPLIST_FILE = PROJECTNAME/Info.plist;
				IPHONEOS_DEPLOYMENT_TARGET = 7.0;
				LD_RUNPATH_SEARCH_PATHS = "$(inherited) @executable_path/Frameworks";
				PRODUCT_BUNDLE_IDENTIFIER = "com.vivant.$(PRODUCT_NAME:rfc1034identifier)";
				PRODUCT_NAME = "$(TARGET_NAME)";
			};
			name = AdHoc;
		};
		96F333701A043223006124F1 /* AdHoc */ = {
			isa = XCBuildConfiguration;
			buildSettings = {
				BUNDLE_LOADER = "$(TEST_HOST)";
				FRAMEWORK_SEARCH_PATHS = (
					"$(SDKROOT)/Developer/Library/Frameworks",
					"$(inherited)",
				);
				INFOPLIST_FILE = PROJECTNAMETests/Info.plist;
				LD_RUNPATH_SEARCH_PATHS = "$(inherited) @executable_path/Frameworks @loader_path/Frameworks";
				PRODUCT_BUNDLE_IDENTIFIER = "com.vivant.$(PRODUCT_NAME:rfc1034identifier)";
				PRODUCT_NAME = "$(TARGET_NAME)";
				TEST_HOST = "$(BUILT_PRODUCTS_DIR)/PROJECTNAME.app/PROJECTNAME";
			};
			name = AdHoc;
		};
		96F333711A04322A006124F1 /* Distribution */ = {
			isa = XCBuildConfiguration;
			buildSettings = {
				ALWAYS_SEARCH_USER_PATHS = NO;
				CLANG_CXX_LANGUAGE_STANDARD = "gnu++0x";
				CLANG_CXX_LIBRARY = "libc++";
				CLANG_ENABLE_MODULES = YES;
				CLANG_ENABLE_OBJC_ARC = YES;
				CLANG_WARN_BOOL_CONVERSION = YES;
				CLANG_WARN_CONSTANT_CONVERSION = YES;
				CLANG_WARN_DIRECT_OBJC_ISA_USAGE = YES_ERROR;
				CLANG_WARN_EMPTY_BODY = YES;
				CLANG_WARN_ENUM_CONVERSION = YES;
				CLANG_WARN_INT_CONVERSION = YES;
				CLANG_WARN_OBJC_ROOT_CLASS = YES_ERROR;
				CLANG_WARN_UNREACHABLE_CODE = YES;
				CLANG_WARN__DUPLICATE_METHOD_MATCH = YES;
				"CODE_SIGN_IDENTITY[sdk=iphoneos*]" = "iPhone Distribution";
				CODE_SIGN_RESOURCE_RULES_PATH = "$(SDKROOT)/ResourceRules.plist";
				COPY_PHASE_STRIP = YES;
				CURRENT_PROJECT_VERSION = 0;
				ENABLE_NS_ASSERTIONS = NO;
				ENABLE_STRICT_OBJC_MSGSEND = YES;
				GCC_C_LANGUAGE_STANDARD = gnu99;
				GCC_PREPROCESSOR_DEFINITIONS = "CONFIGURATION_$(CONFIGURATION)";
				GCC_WARN_64_TO_32_BIT_CONVERSION = YES;
				GCC_WARN_ABOUT_RETURN_TYPE = YES_ERROR;
				GCC_WARN_UNDECLARED_SELECTOR = YES;
				GCC_WARN_UNINITIALIZED_AUTOS = YES_AGGRESSIVE;
				GCC_WARN_UNUSED_FUNCTION = YES;
				GCC_WARN_UNUSED_VARIABLE = YES;
				IPHONEOS_DEPLOYMENT_TARGET = 7.0;
				MTL_ENABLE_DEBUG_INFO = NO;
				SDKROOT = iphoneos;
				TARGETED_DEVICE_FAMILY = "1,2";
				VALIDATE_PRODUCT = YES;
			};
			name = Distribution;
		};
		96F333721A04322A006124F1 /* Distribution */ = {
			isa = XCBuildConfiguration;
			buildSettings = {
				ASSETCATALOG_COMPILER_APPICON_NAME = AppIcon;
				ASSETCATALOG_COMPILER_LAUNCHIMAGE_NAME = LaunchImage;
				INFOPLIST_FILE = PROJECTNAME/Info.plist;
				IPHONEOS_DEPLOYMENT_TARGET = 7.0;
				LD_RUNPATH_SEARCH_PATHS = "$(inherited) @executable_path/Frameworks";
				PRODUCT_BUNDLE_IDENTIFIER = "com.vivant.$(PRODUCT_NAME:rfc1034identifier)";
				PRODUCT_NAME = "$(TARGET_NAME)";
			};
			name = Distribution;
		};
		96F333731A04322A006124F1 /* Distribution */ = {
			isa = XCBuildConfiguration;
			buildSettings = {
				BUNDLE_LOADER = "$(TEST_HOST)";
				FRAMEWORK_SEARCH_PATHS = (
					"$(SDKROOT)/Developer/Library/Frameworks",
					"$(inherited)",
				);
				INFOPLIST_FILE = PROJECTNAMETests/Info.plist;
				LD_RUNPATH_SEARCH_PATHS = "$(inherited) @executable_path/Frameworks @loader_path/Frameworks";
				PRODUCT_BUNDLE_IDENTIFIER = "com.vivant.$(PRODUCT_NAME:rfc1034identifier)";
				PRODUCT_NAME = "$(TARGET_NAME)";
				TEST_HOST = "$(BUILT_PRODUCTS_DIR)/PROJECTNAME.app/PROJECTNAME";
			};
			name = Distribution;
		};
/* End XCBuildConfiguration section */

/* Begin XCConfigurationList section */
		96F333401A042EA8006124F1 /* Build configuration list for PBXProject "PROJECTNAME" */ = {
			isa = XCConfigurationList;
			buildConfigurations = (
				96F333661A042EA8006124F1 /* Debug */,
				96F333671A042EA8006124F1 /* Release */,
				96F3336E1A043223006124F1 /* AdHoc */,
				96F333711A04322A006124F1 /* Distribution */,
			);
			defaultConfigurationIsVisible = 0;
			defaultConfigurationName = Distribution;
		};
		96F333681A042EA8006124F1 /* Build configuration list for PBXNativeTarget "PROJECTNAME" */ = {
			isa = XCConfigurationList;
			buildConfigurations = (
				96F333691A042EA8006124F1 /* Debug */,
				96F3336A1A042EA8006124F1 /* Release */,
				96F3336F1A043223006124F1 /* AdHoc */,
				96F333721A04322A006124F1 /* Distribution */,
			);
			defaultConfigurationIsVisible = 0;
			defaultConfigurationName = Distribution;
		};
		96F3336B1A042EA8006124F1 /* Build configuration list for PBXNativeTarget "PROJECTNAMETests" */ = {
			isa = XCConfigurationList;
			buildConfigurations = (
				96F3336C1A042EA8006124F1 /* Debug */,
				96F3336D1A042EA8006124F1 /* Release */,
				96F333701A043223006124F1 /* AdHoc */,
				96F333731A04322A006124F1 /* Distribution */,
			);
			defaultConfigurationIsVisible = 0;
			defaultConfigurationName = Distribution;
		};
/* End XCConfigurationList section */
	};
	rootObject = 96F3333D1A042EA8006124F1 /* Project object */;
}
